Microsoft Visual Studio Solution File, Format Version 12.00
# Visual Studio Version 17
VisualStudioVersion = 17.0.31903.59
MinimumVisualStudioVersion = 10.0.40219.1
Project("{FAE04EC0-301F-11D3-BF4B-00C04F79EFBC}") = "FileProcessor.UI", "FileProcessor.UI\FileProcessor.UI.csproj", "{E51287B2-330B-4DEC-8B6C-AE9ACAED2C67}"
EndProject
Project("{FAE04EC0-301F-11D3-BF4B-00C04F79EFBC}") = "FileProcessor.Core", "FileProcessor.Core\FileProcessor.Core.csproj", "{57F409C6-E460-47B3-9519-6A10E2703116}"
EndProject
Project("{FAE04EC0-301F-11D3-BF4B-00C04F79EFBC}") = "LogViewer.UI", "LogViewer.UI\LogViewer.UI.csproj", "{8C8F9F8E-ABCD-4B1E-9F1E-1234567890AB}"
EndProject
Project("{FAE04EC0-301F-11D3-BF4B-00C04F79EFBC}") = "FileProcessor.Infrastructure", "FileProcessor.Infrastructure\FileProcessor.Infrastructure.csproj", "{B1B2B3B4-C5C6-4D4E-9F9E-111223334456}"
EndProject
Project("{2150E333-8FDC-42A3-9474-1A3956D46DE8}") = "tests", "tests", "{F9C9FBC8-6BDB-4A12-B0E3-5C9660FD6DE0}"
EndProject
Project("{FAE04EC0-301F-11D3-BF4B-00C04F79EFBC}") = "FileProcessor.Integration.Tests", "tests\FileProcessor.Integration.Tests\FileProcessor.Integration.Tests.csproj", "{718E1CDC-D587-4B2E-88E9-77F3941B474E}"
EndProject
Project("{FAE04EC0-301F-11D3-BF4B-00C04F79EFBC}") = "FileProcessor.Core.Tests", "tests\FileProcessor.Core.Tests\FileProcessor.Core.Tests.csproj", "{0163C1CE-875E-43DC-A6F1-71763D6F2FBF}"
EndProject
Project("{FAE04EC0-301F-11D3-BF4B-00C04F79EFBC}") = "FileProcessor.Infrastructure.Tests", "tests\FileProcessor.Infrastructure.Tests\FileProcessor.Infrastructure.Tests.csproj", "{0F7BBE64-F109-47F9-992F-C85D2BA341AD}"
EndProject
Project("{FAE04EC0-301F-11D3-BF4B-00C04F79EFBC}") = "FileProcessor.UI.Tests", "tests\FileProcessor.UI.Tests\FileProcessor.UI.Tests.csproj", "{722B80B1-166D-4BB2-BFD3-E65D630743BD}"
EndProject
Global
	GlobalSection(SolutionConfigurationPlatforms) = preSolution
		Debug|Any CPU = Debug|Any CPU
		Release|Any CPU = Release|Any CPU
	EndGlobalSection
	GlobalSection(SolutionProperties) = preSolution
		HideSolutionNode = FALSE
	EndGlobalSection
	GlobalSection(ProjectConfigurationPlatforms) = postSolution
		{E51287B2-330B-4DEC-8B6C-AE9ACAED2C67}.Debug|Any CPU.ActiveCfg = Debug|Any CPU
		{E51287B2-330B-4DEC-8B6C-AE9ACAED2C67}.Debug|Any CPU.Build.0 = Debug|Any CPU
		{E51287B2-330B-4DEC-8B6C-AE9ACAED2C67}.Release|Any CPU.ActiveCfg = Release|Any CPU
		{E51287B2-330B-4DEC-8B6C-AE9ACAED2C67}.Release|Any CPU.Build.0 = Release|Any CPU
		{57F409C6-E460-47B3-9519-6A10E2703116}.Debug|Any CPU.ActiveCfg = Debug|Any CPU
		{57F409C6-E460-47B3-9519-6A10E2703116}.Debug|Any CPU.Build.0 = Debug|Any CPU
		{57F409C6-E460-47B3-9519-6A10E2703116}.Release|Any CPU.ActiveCfg = Release|Any CPU
		{57F409C6-E460-47B3-9519-6A10E2703116}.Release|Any CPU.Build.0 = Release|Any CPU
		{8C8F9F8E-ABCD-4B1E-9F1E-1234567890AB}.Debug|Any CPU.ActiveCfg = Debug|Any CPU
		{8C8F9F8E-ABCD-4B1E-9F1E-1234567890AB}.Debug|Any CPU.Build.0 = Debug|Any CPU
		{8C8F9F8E-ABCD-4B1E-9F1E-1234567890AB}.Release|Any CPU.ActiveCfg = Release|Any CPU
		{8C8F9F8E-ABCD-4B1E-9F1E-1234567890AB}.Release|Any CPU.Build.0 = Release|Any CPU
		{B1B2B3B4-C5C6-4D4E-9F9E-111223334456}.Debug|Any CPU.ActiveCfg = Debug|Any CPU
		{B1B2B3B4-C5C6-4D4E-9F9E-111223334456}.Debug|Any CPU.Build.0 = Debug|Any CPU
		{B1B2B3B4-C5C6-4D4E-9F9E-111223334456}.Release|Any CPU.ActiveCfg = Release|Any CPU
		{B1B2B3B4-C5C6-4D4E-9F9E-111223334456}.Release|Any CPU.Build.0 = Release|Any CPU
		{718E1CDC-D587-4B2E-88E9-77F3941B474E}.Debug|Any CPU.ActiveCfg = Debug|Any CPU
		{718E1CDC-D587-4B2E-88E9-77F3941B474E}.Debug|Any CPU.Build.0 = Debug|Any CPU
		{718E1CDC-D587-4B2E-88E9-77F3941B474E}.Release|Any CPU.ActiveCfg = Release|Any CPU
		{718E1CDC-D587-4B2E-88E9-77F3941B474E}.Release|Any CPU.Build.0 = Release|Any CPU
		{0163C1CE-875E-43DC-A6F1-71763D6F2FBF}.Debug|Any CPU.ActiveCfg = Debug|Any CPU
		{0163C1CE-875E-43DC-A6F1-71763D6F2FBF}.Debug|Any CPU.Build.0 = Debug|Any CPU
		{0163C1CE-875E-43DC-A6F1-71763D6F2FBF}.Release|Any CPU.ActiveCfg = Release|Any CPU
		{0163C1CE-875E-43DC-A6F1-71763D6F2FBF}.Release|Any CPU.Build.0 = Release|Any CPU
		{0F7BBE64-F109-47F9-992F-C85D2BA341AD}.Debug|Any CPU.ActiveCfg = Debug|Any CPU
		{0F7BBE64-F109-47F9-992F-C85D2BA341AD}.Debug|Any CPU.Build.0 = Debug|Any CPU
		{0F7BBE64-F109-47F9-992F-C85D2BA341AD}.Release|Any CPU.ActiveCfg = Release|Any CPU
		{0F7BBE64-F109-47F9-992F-C85D2BA341AD}.Release|Any CPU.Build.0 = Release|Any CPU
		{722B80B1-166D-4BB2-BFD3-E65D630743BD}.Debug|Any CPU.ActiveCfg = Debug|Any CPU
		{722B80B1-166D-4BB2-BFD3-E65D630743BD}.Debug|Any CPU.Build.0 = Debug|Any CPU
		{722B80B1-166D-4BB2-BFD3-E65D630743BD}.Release|Any CPU.ActiveCfg = Release|Any CPU
		{722B80B1-166D-4BB2-BFD3-E65D630743BD}.Release|Any CPU.Build.0 = Release|Any CPU
	EndGlobalSection
	GlobalSection(NestedProjects) = preSolution
		{718E1CDC-D587-4B2E-88E9-77F3941B474E} = {F9C9FBC8-6BDB-4A12-B0E3-5C9660FD6DE0}
		{0163C1CE-875E-43DC-A6F1-71763D6F2FBF} = {F9C9FBC8-6BDB-4A12-B0E3-5C9660FD6DE0}
		{0F7BBE64-F109-47F9-992F-C85D2BA341AD} = {F9C9FBC8-6BDB-4A12-B0E3-5C9660FD6DE0}
		{722B80B1-166D-4BB2-BFD3-E65D630743BD} = {F9C9FBC8-6BDB-4A12-B0E3-5C9660FD6DE0}
	EndGlobalSection
EndGlobal
